
Microsoft Visual Studio Solution File, Format Version 12.00
# Visual Studio Version 17
VisualStudioVersion = 17.0.31903.59
MinimumVisualStudioVersion = 10.0.40219.1
Project("{2150E333-8FDC-42A3-9474-1A3956D46DE8}") = "Services", "Services", "{02EA681E-C7D8-13C7-8484-4AC65E1B71E8}"
EndProject
Project("{2150E333-8FDC-42A3-9474-1A3956D46DE8}") = "Catalog", "Catalog", "{FD606269-E3BD-4031-BE0B-6B7B5C04255D}"
EndProject
Project("{FAE04EC0-301F-11D3-BF4B-00C04F79EFBC}") = "Catalog.API", "Services\Catalog\Catalog.API\Catalog.API.csproj", "{1BE00901-E33F-43DA-97F7-299FDF764CF5}"
EndProject
Project("{2150E333-8FDC-42A3-9474-1A3956D46DE8}") = "BuildingBlocks", "BuildingBlocks", "{8001BFE2-68F6-4ACF-8B90-A9CEDA4B902F}"
EndProject
Project("{FAE04EC0-301F-11D3-BF4B-00C04F79EFBC}") = "BuildingBlocks", "BuildingBlocks\BuildingBlocks\BuildingBlocks.csproj", "{EC752C2B-6E52-42E0-9E7E-331A70A50C0D}"
EndProject
Project("{E53339B2-1760-4266-BCC7-CA923CBCF16C}") = "docker-compose", "docker-compose.dcproj", "{81DDED9D-158B-E303-5F62-77A2896D2A5A}"
EndProject
Project("{2150E333-8FDC-42A3-9474-1A3956D46DE8}") = "Basket", "Basket", "{6D6C6D6B-F943-47BA-9646-200C644FC864}"
EndProject
Project("{FAE04EC0-301F-11D3-BF4B-00C04F79EFBC}") = "Basket.API", "Services\Basket\Basket.API\Basket.API.csproj", "{E8150AB1-094C-452C-85FD-AA615F5DFBA0}"
EndProject
Project("{2150E333-8FDC-42A3-9474-1A3956D46DE8}") = "Discount", "Discount", "{33A581E8-0528-40C6-A1C8-DD3561525DF5}"
EndProject
Project("{FAE04EC0-301F-11D3-BF4B-00C04F79EFBC}") = "Discount.GRPC", "Services\Discount\Discount.GRPC\Discount.GRPC.csproj", "{191724C9-076D-45BE-92C1-BD8C5C722045}"
EndProject
Project("{2150E333-8FDC-42A3-9474-1A3956D46DE8}") = "Ordering", "Ordering", "{D110383A-E928-4100-810D-49AFC901787E}"
EndProject
Project("{FAE04EC0-301F-11D3-BF4B-00C04F79EFBC}") = "Ordering.API", "Services\Ordering\Ordering.API\Ordering.API.csproj", "{B1010776-3DE9-4997-979D-F6414A37E06C}"
EndProject
Project("{FAE04EC0-301F-11D3-BF4B-00C04F79EFBC}") = "Ordering.Domain", "Services\Ordering\Ordering.Domain\Ordering.Domain.csproj", "{865B7D36-8091-4C6F-BAB3-6AE9B33DBDDC}"
EndProject
Project("{FAE04EC0-301F-11D3-BF4B-00C04F79EFBC}") = "Ordering.Application", "Services\Ordering\Ordering.Application\Ordering.Application.csproj", "{E647563B-FCAD-46BE-8F29-4F6F5E9C543C}"
EndProject
Project("{FAE04EC0-301F-11D3-BF4B-00C04F79EFBC}") = "Ordering.Infrastructure", "Services\Ordering\Ordering.Infrastructure\Ordering.Infrastructure.csproj", "{AF47E0AF-D2C1-460F-8753-5EB094A97D90}"
EndProject
Project("{FAE04EC0-301F-11D3-BF4B-00C04F79EFBC}") = "BuildingBlocks.Messaging", "BuildingBlocks\BuildingBlocks.Messaging\BuildingBlocks.Messaging.csproj", "{AA26B099-FE11-4D30-80CB-DBC06C1EBDC8}"
EndProject
Global
	GlobalSection(SolutionConfigurationPlatforms) = preSolution
		Debug|Any CPU = Debug|Any CPU
		Release|Any CPU = Release|Any CPU
	EndGlobalSection
	GlobalSection(ProjectConfigurationPlatforms) = postSolution
		{1BE00901-E33F-43DA-97F7-299FDF764CF5}.Debug|Any CPU.ActiveCfg = Debug|Any CPU
		{1BE00901-E33F-43DA-97F7-299FDF764CF5}.Debug|Any CPU.Build.0 = Debug|Any CPU
		{1BE00901-E33F-43DA-97F7-299FDF764CF5}.Release|Any CPU.ActiveCfg = Release|Any CPU
		{1BE00901-E33F-43DA-97F7-299FDF764CF5}.Release|Any CPU.Build.0 = Release|Any CPU
		{EC752C2B-6E52-42E0-9E7E-331A70A50C0D}.Debug|Any CPU.ActiveCfg = Debug|Any CPU
		{EC752C2B-6E52-42E0-9E7E-331A70A50C0D}.Debug|Any CPU.Build.0 = Debug|Any CPU
		{EC752C2B-6E52-42E0-9E7E-331A70A50C0D}.Release|Any CPU.ActiveCfg = Release|Any CPU
		{EC752C2B-6E52-42E0-9E7E-331A70A50C0D}.Release|Any CPU.Build.0 = Release|Any CPU
		{81DDED9D-158B-E303-5F62-77A2896D2A5A}.Debug|Any CPU.ActiveCfg = Debug|Any CPU
		{81DDED9D-158B-E303-5F62-77A2896D2A5A}.Debug|Any CPU.Build.0 = Debug|Any CPU
		{81DDED9D-158B-E303-5F62-77A2896D2A5A}.Release|Any CPU.ActiveCfg = Release|Any CPU
		{81DDED9D-158B-E303-5F62-77A2896D2A5A}.Release|Any CPU.Build.0 = Release|Any CPU
		{E8150AB1-094C-452C-85FD-AA615F5DFBA0}.Debug|Any CPU.ActiveCfg = Debug|Any CPU
		{E8150AB1-094C-452C-85FD-AA615F5DFBA0}.Debug|Any CPU.Build.0 = Debug|Any CPU
		{E8150AB1-094C-452C-85FD-AA615F5DFBA0}.Release|Any CPU.ActiveCfg = Release|Any CPU
		{E8150AB1-094C-452C-85FD-AA615F5DFBA0}.Release|Any CPU.Build.0 = Release|Any CPU
		{191724C9-076D-45BE-92C1-BD8C5C722045}.Debug|Any CPU.ActiveCfg = Debug|Any CPU
		{191724C9-076D-45BE-92C1-BD8C5C722045}.Debug|Any CPU.Build.0 = Debug|Any CPU
		{191724C9-076D-45BE-92C1-BD8C5C722045}.Release|Any CPU.ActiveCfg = Release|Any CPU
		{191724C9-076D-45BE-92C1-BD8C5C722045}.Release|Any CPU.Build.0 = Release|Any CPU
		{B1010776-3DE9-4997-979D-F6414A37E06C}.Debug|Any CPU.ActiveCfg = Debug|Any CPU
		{B1010776-3DE9-4997-979D-F6414A37E06C}.Debug|Any CPU.Build.0 = Debug|Any CPU
		{B1010776-3DE9-4997-979D-F6414A37E06C}.Release|Any CPU.ActiveCfg = Release|Any CPU
		{B1010776-3DE9-4997-979D-F6414A37E06C}.Release|Any CPU.Build.0 = Release|Any CPU
		{865B7D36-8091-4C6F-BAB3-6AE9B33DBDDC}.Debug|Any CPU.ActiveCfg = Debug|Any CPU
		{865B7D36-8091-4C6F-BAB3-6AE9B33DBDDC}.Debug|Any CPU.Build.0 = Debug|Any CPU
		{865B7D36-8091-4C6F-BAB3-6AE9B33DBDDC}.Release|Any CPU.ActiveCfg = Release|Any CPU
		{865B7D36-8091-4C6F-BAB3-6AE9B33DBDDC}.Release|Any CPU.Build.0 = Release|Any CPU
		{E647563B-FCAD-46BE-8F29-4F6F5E9C543C}.Debug|Any CPU.ActiveCfg = Debug|Any CPU
		{E647563B-FCAD-46BE-8F29-4F6F5E9C543C}.Debug|Any CPU.Build.0 = Debug|Any CPU
		{E647563B-FCAD-46BE-8F29-4F6F5E9C543C}.Release|Any CPU.ActiveCfg = Release|Any CPU
		{E647563B-FCAD-46BE-8F29-4F6F5E9C543C}.Release|Any CPU.Build.0 = Release|Any CPU
		{AF47E0AF-D2C1-460F-8753-5EB094A97D90}.Debug|Any CPU.ActiveCfg = Debug|Any CPU
		{AF47E0AF-D2C1-460F-8753-5EB094A97D90}.Debug|Any CPU.Build.0 = Debug|Any CPU
		{AF47E0AF-D2C1-460F-8753-5EB094A97D90}.Release|Any CPU.ActiveCfg = Release|Any CPU
		{AF47E0AF-D2C1-460F-8753-5EB094A97D90}.Release|Any CPU.Build.0 = Release|Any CPU
		{AA26B099-FE11-4D30-80CB-DBC06C1EBDC8}.Debug|Any CPU.ActiveCfg = Debug|Any CPU
		{AA26B099-FE11-4D30-80CB-DBC06C1EBDC8}.Debug|Any CPU.Build.0 = Debug|Any CPU
		{AA26B099-FE11-4D30-80CB-DBC06C1EBDC8}.Release|Any CPU.ActiveCfg = Release|Any CPU
		{AA26B099-FE11-4D30-80CB-DBC06C1EBDC8}.Release|Any CPU.Build.0 = Release|Any CPU
	EndGlobalSection
	GlobalSection(SolutionProperties) = preSolution
		HideSolutionNode = FALSE
	EndGlobalSection
	GlobalSection(NestedProjects) = preSolution
		{FD606269-E3BD-4031-BE0B-6B7B5C04255D} = {02EA681E-C7D8-13C7-8484-4AC65E1B71E8}
		{1BE00901-E33F-43DA-97F7-299FDF764CF5} = {FD606269-E3BD-4031-BE0B-6B7B5C04255D}
		{EC752C2B-6E52-42E0-9E7E-331A70A50C0D} = {8001BFE2-68F6-4ACF-8B90-A9CEDA4B902F}
		{6D6C6D6B-F943-47BA-9646-200C644FC864} = {02EA681E-C7D8-13C7-8484-4AC65E1B71E8}
		{E8150AB1-094C-452C-85FD-AA615F5DFBA0} = {6D6C6D6B-F943-47BA-9646-200C644FC864}
		{33A581E8-0528-40C6-A1C8-DD3561525DF5} = {02EA681E-C7D8-13C7-8484-4AC65E1B71E8}
		{191724C9-076D-45BE-92C1-BD8C5C722045} = {33A581E8-0528-40C6-A1C8-DD3561525DF5}
		{D110383A-E928-4100-810D-49AFC901787E} = {02EA681E-C7D8-13C7-8484-4AC65E1B71E8}
		{B1010776-3DE9-4997-979D-F6414A37E06C} = {D110383A-E928-4100-810D-49AFC901787E}
		{865B7D36-8091-4C6F-BAB3-6AE9B33DBDDC} = {D110383A-E928-4100-810D-49AFC901787E}
		{E647563B-FCAD-46BE-8F29-4F6F5E9C543C} = {D110383A-E928-4100-810D-49AFC901787E}
		{AF47E0AF-D2C1-460F-8753-5EB094A97D90} = {D110383A-E928-4100-810D-49AFC901787E}
		{AA26B099-FE11-4D30-80CB-DBC06C1EBDC8} = {8001BFE2-68F6-4ACF-8B90-A9CEDA4B902F}
	EndGlobalSection
	GlobalSection(ExtensibilityGlobals) = postSolution
		SolutionGuid = {423E00CF-4B4F-45CF-8FD5-F5F33A24624A}
	EndGlobalSection
EndGlobal
